// !$*UTF8*$!
{
	archiveVersion = 1;
	classes = {
	};
	objectVersion = 46;
	objects = {

/* Begin PBXBuildFile section */
		D74CBF7D1375D80500709F63 /* UIKit.framework in Frameworks */ = {isa = PBXBuildFile; fileRef = D74CBF7C1375D80500709F63 /* UIKit.framework */; };
		D74CBF7F1375D80500709F63 /* Foundation.framework in Frameworks */ = {isa = PBXBuildFile; fileRef = D74CBF7E1375D80500709F63 /* Foundation.framework */; };
		D74CBF811375D80500709F63 /* CoreGraphics.framework in Frameworks */ = {isa = PBXBuildFile; fileRef = D74CBF801375D80500709F63 /* CoreGraphics.framework */; };
		D74CBF871375D80500709F63 /* InfoPlist.strings in Resources */ = {isa = PBXBuildFile; fileRef = D74CBF851375D80500709F63 /* InfoPlist.strings */; };
		D74CBF8A1375D80500709F63 /* main.m in Sources */ = {isa = PBXBuildFile; fileRef = D74CBF891375D80500709F63 /* main.m */; };
		D74CBF8D1375D80500709F63 /* MAGI_00AppDelegate.m in Sources */ = {isa = PBXBuildFile; fileRef = D74CBF8C1375D80500709F63 /* MAGI_00AppDelegate.m */; };
		D74CBF901375D80500709F63 /* MainWindow.xib in Resources */ = {isa = PBXBuildFile; fileRef = D74CBF8E1375D80500709F63 /* MainWindow.xib */; };
		D74CBF931375D80600709F63 /* DetailViewController.m in Sources */ = {isa = PBXBuildFile; fileRef = D74CBF921375D80600709F63 /* DetailViewController.m */; };
		D74CBF961375D80600709F63 /* DetailView.xib in Resources */ = {isa = PBXBuildFile; fileRef = D74CBF941375D80600709F63 /* DetailView.xib */; };
		D74CBF991375D80600709F63 /* RootViewController.m in Sources */ = {isa = PBXBuildFile; fileRef = D74CBF981375D80600709F63 /* RootViewController.m */; };
		D7C7EA9813770F9B00892510 /* file_icon.png in Resources */ = {isa = PBXBuildFile; fileRef = D7C7EA9713770F9B00892510 /* file_icon.png */; };
		D7C7EAC91377180500892510 /* AQGridSelection.png in Resources */ = {isa = PBXBuildFile; fileRef = D7C7EAC41377180500892510 /* AQGridSelection.png */; };
		D7C7EACA1377180500892510 /* AQGridSelectionGray.png in Resources */ = {isa = PBXBuildFile; fileRef = D7C7EAC51377180500892510 /* AQGridSelectionGray.png */; };
		D7C7EACB1377180500892510 /* AQGridSelectionGrayBlue.png in Resources */ = {isa = PBXBuildFile; fileRef = D7C7EAC61377180500892510 /* AQGridSelectionGrayBlue.png */; };
		D7C7EACC1377180500892510 /* AQGridSelectionGreen.png in Resources */ = {isa = PBXBuildFile; fileRef = D7C7EAC71377180500892510 /* AQGridSelectionGreen.png */; };
		D7C7EACD1377180500892510 /* AQGridSelectionRed.png in Resources */ = {isa = PBXBuildFile; fileRef = D7C7EAC81377180500892510 /* AQGridSelectionRed.png */; };
		D7C7EAD3137718D900892510 /* GeneticSelectionViewController.m in Sources */ = {isa = PBXBuildFile; fileRef = D7C7EAD1137718D900892510 /* GeneticSelectionViewController.m */; };
		D7C7EAD4137718D900892510 /* GeneticSelectionViewController.xib in Resources */ = {isa = PBXBuildFile; fileRef = D7C7EAD2137718D900892510 /* GeneticSelectionViewController.xib */; };
/* End PBXBuildFile section */

/* Begin PBXContainerItemProxy section */
		D7C7EADF1377529000892510 /* PBXContainerItemProxy */ = {
			isa = PBXContainerItemProxy;
			containerPortal = D7C7EAD81377528F00892510 /* AQGridView.xcodeproj */;
			proxyType = 2;
			remoteGlobalIDString = D2AAC07E0554694100DB518D;
			remoteInfo = AQGridView;
		};
/* End PBXContainerItemProxy section */

/* Begin PBXFileReference section */
		D74CBF781375D80500709F63 /* MAGI-00.app */ = {isa = PBXFileReference; explicitFileType = wrapper.application; includeInIndex = 0; path = "MAGI-00.app"; sourceTree = BUILT_PRODUCTS_DIR; };
		D74CBF7C1375D80500709F63 /* UIKit.framework */ = {isa = PBXFileReference; lastKnownFileType = wrapper.framework; name = UIKit.framework; path = System/Library/Frameworks/UIKit.framework; sourceTree = SDKROOT; };
		D74CBF7E1375D80500709F63 /* Foundation.framework */ = {isa = PBXFileReference; lastKnownFileType = wrapper.framework; name = Foundation.framework; path = System/Library/Frameworks/Foundation.framework; sourceTree = SDKROOT; };
		D74CBF801375D80500709F63 /* CoreGraphics.framework */ = {isa = PBXFileReference; lastKnownFileType = wrapper.framework; name = CoreGraphics.framework; path = System/Library/Frameworks/CoreGraphics.framework; sourceTree = SDKROOT; };
		D74CBF841375D80500709F63 /* MAGI-00-Info.plist */ = {isa = PBXFileReference; lastKnownFileType = text.plist.xml; path = "MAGI-00-Info.plist"; sourceTree = "<group>"; };
		D74CBF861375D80500709F63 /* en */ = {isa = PBXFileReference; lastKnownFileType = text.plist.strings; name = en; path = en.lproj/InfoPlist.strings; sourceTree = "<group>"; };
		D74CBF881375D80500709F63 /* MAGI-00-Prefix.pch */ = {isa = PBXFileReference; lastKnownFileType = sourcecode.c.h; path = "MAGI-00-Prefix.pch"; sourceTree = "<group>"; };
		D74CBF891375D80500709F63 /* main.m */ = {isa = PBXFileReference; lastKnownFileType = sourcecode.c.objc; path = main.m; sourceTree = "<group>"; };
		D74CBF8B1375D80500709F63 /* MAGI_00AppDelegate.h */ = {isa = PBXFileReference; lastKnownFileType = sourcecode.c.h; path = MAGI_00AppDelegate.h; sourceTree = "<group>"; };
		D74CBF8C1375D80500709F63 /* MAGI_00AppDelegate.m */ = {isa = PBXFileReference; lastKnownFileType = sourcecode.c.objc; path = MAGI_00AppDelegate.m; sourceTree = "<group>"; };
		D74CBF8F1375D80500709F63 /* en */ = {isa = PBXFileReference; lastKnownFileType = file.xib; name = en; path = en.lproj/MainWindow.xib; sourceTree = "<group>"; };
		D74CBF911375D80500709F63 /* DetailViewController.h */ = {isa = PBXFileReference; lastKnownFileType = sourcecode.c.h; path = DetailViewController.h; sourceTree = "<group>"; };
		D74CBF921375D80600709F63 /* DetailViewController.m */ = {isa = PBXFileReference; lastKnownFileType = sourcecode.c.objc; path = DetailViewController.m; sourceTree = "<group>"; };
		D74CBF951375D80600709F63 /* en */ = {isa = PBXFileReference; lastKnownFileType = file.xib; name = en; path = en.lproj/DetailView.xib; sourceTree = "<group>"; };
		D74CBF971375D80600709F63 /* RootViewController.h */ = {isa = PBXFileReference; lastKnownFileType = sourcecode.c.h; path = RootViewController.h; sourceTree = "<group>"; };
		D74CBF981375D80600709F63 /* RootViewController.m */ = {isa = PBXFileReference; lastKnownFileType = sourcecode.c.objc; path = RootViewController.m; sourceTree = "<group>"; };
		D7C7EA9713770F9B00892510 /* file_icon.png */ = {isa = PBXFileReference; lastKnownFileType = image.png; path = file_icon.png; sourceTree = "<group>"; };
		D7C7EAC41377180500892510 /* AQGridSelection.png */ = {isa = PBXFileReference; lastKnownFileType = image.png; path = AQGridSelection.png; sourceTree = "<group>"; };
		D7C7EAC51377180500892510 /* AQGridSelectionGray.png */ = {isa = PBXFileReference; lastKnownFileType = image.png; path = AQGridSelectionGray.png; sourceTree = "<group>"; };
		D7C7EAC61377180500892510 /* AQGridSelectionGrayBlue.png */ = {isa = PBXFileReference; lastKnownFileType = image.png; path = AQGridSelectionGrayBlue.png; sourceTree = "<group>"; };
		D7C7EAC71377180500892510 /* AQGridSelectionGreen.png */ = {isa = PBXFileReference; lastKnownFileType = image.png; path = AQGridSelectionGreen.png; sourceTree = "<group>"; };
		D7C7EAC81377180500892510 /* AQGridSelectionRed.png */ = {isa = PBXFileReference; lastKnownFileType = image.png; path = AQGridSelectionRed.png; sourceTree = "<group>"; };
		D7C7EAD0137718D900892510 /* GeneticSelectionViewController.h */ = {isa = PBXFileReference; fileEncoding = 4; lastKnownFileType = sourcecode.c.h; path = GeneticSelectionViewController.h; sourceTree = "<group>"; };
		D7C7EAD1137718D900892510 /* GeneticSelectionViewController.m */ = {isa = PBXFileReference; fileEncoding = 4; lastKnownFileType = sourcecode.c.objc; path = GeneticSelectionViewController.m; sourceTree = "<group>"; };
		D7C7EAD2137718D900892510 /* GeneticSelectionViewController.xib */ = {isa = PBXFileReference; fileEncoding = 4; lastKnownFileType = file.xib; path = GeneticSelectionViewController.xib; sourceTree = "<group>"; };
		D7C7EAD81377528F00892510 /* AQGridView.xcodeproj */ = {isa = PBXFileReference; lastKnownFileType = "wrapper.pb-project"; name = AQGridView.xcodeproj; path = "AlanQuatermain-AQGridView-87f8f48/AQGridView.xcodeproj"; sourceTree = SOURCE_ROOT; };
/* End PBXFileReference section */

/* Begin PBXFrameworksBuildPhase section */
		D74CBF751375D80500709F63 /* Frameworks */ = {
			isa = PBXFrameworksBuildPhase;
			buildActionMask = 2147483647;
			files = (
				D74CBF7D1375D80500709F63 /* UIKit.framework in Frameworks */,
				D74CBF7F1375D80500709F63 /* Foundation.framework in Frameworks */,
				D74CBF811375D80500709F63 /* CoreGraphics.framework in Frameworks */,
			);
			runOnlyForDeploymentPostprocessing = 0;
		};
/* End PBXFrameworksBuildPhase section */

/* Begin PBXGroup section */
		D74CBF6D1375D80500709F63 = {
			isa = PBXGroup;
			children = (
				D74CBF821375D80500709F63 /* MAGI-00 */,
				D74CBF7B1375D80500709F63 /* Frameworks */,
				D74CBF791375D80500709F63 /* Products */,
			);
			sourceTree = "<group>";
		};
		D74CBF791375D80500709F63 /* Products */ = {
			isa = PBXGroup;
			children = (
				D74CBF781375D80500709F63 /* MAGI-00.app */,
			);
			name = Products;
			sourceTree = "<group>";
		};
		D74CBF7B1375D80500709F63 /* Frameworks */ = {
			isa = PBXGroup;
			children = (
				D74CBF7C1375D80500709F63 /* UIKit.framework */,
				D74CBF7E1375D80500709F63 /* Foundation.framework */,
				D74CBF801375D80500709F63 /* CoreGraphics.framework */,
			);
			name = Frameworks;
			sourceTree = "<group>";
		};
		D74CBF821375D80500709F63 /* MAGI-00 */ = {
			isa = PBXGroup;
			children = (
				D74CBF8B1375D80500709F63 /* MAGI_00AppDelegate.h */,
				D74CBF8C1375D80500709F63 /* MAGI_00AppDelegate.m */,
				D74CBF8E1375D80500709F63 /* MainWindow.xib */,
				D74CBF911375D80500709F63 /* DetailViewController.h */,
				D74CBF921375D80600709F63 /* DetailViewController.m */,
				D74CBF941375D80600709F63 /* DetailView.xib */,
				D74CBF971375D80600709F63 /* RootViewController.h */,
				D74CBF981375D80600709F63 /* RootViewController.m */,
				D74CBF831375D80500709F63 /* Supporting Files */,
				D7C7EAD0137718D900892510 /* GeneticSelectionViewController.h */,
				D7C7EAD1137718D900892510 /* GeneticSelectionViewController.m */,
				D7C7EAD2137718D900892510 /* GeneticSelectionViewController.xib */,
			);
			path = "MAGI-00";
			sourceTree = "<group>";
		};
		D74CBF831375D80500709F63 /* Supporting Files */ = {
			isa = PBXGroup;
			children = (
				D7C7EAC3137717EE00892510 /* Resources */,
				D7C7EAA1137717B300892510 /* GridView */,
				D7C7EA9513770F7900892510 /* Images */,
				D74CBF841375D80500709F63 /* MAGI-00-Info.plist */,
				D74CBF851375D80500709F63 /* InfoPlist.strings */,
				D74CBF881375D80500709F63 /* MAGI-00-Prefix.pch */,
				D74CBF891375D80500709F63 /* main.m */,
			);
			name = "Supporting Files";
			sourceTree = "<group>";
		};
		D7C7EA9513770F7900892510 /* Images */ = {
			isa = PBXGroup;
			children = (
				D7C7EA9713770F9B00892510 /* file_icon.png */,
			);
			name = Images;
			sourceTree = "<group>";
		};
		D7C7EAA1137717B300892510 /* GridView */ = {
			isa = PBXGroup;
			children = (
				D7C7EAD81377528F00892510 /* AQGridView.xcodeproj */,
			);
			name = GridView;
			sourceTree = "<group>";
		};
		D7C7EAC3137717EE00892510 /* Resources */ = {
			isa = PBXGroup;
			children = (
				D7C7EAC41377180500892510 /* AQGridSelection.png */,
				D7C7EAC51377180500892510 /* AQGridSelectionGray.png */,
				D7C7EAC61377180500892510 /* AQGridSelectionGrayBlue.png */,
				D7C7EAC71377180500892510 /* AQGridSelectionGreen.png */,
				D7C7EAC81377180500892510 /* AQGridSelectionRed.png */,
			);
			name = Resources;
			sourceTree = "<group>";
		};
		D7C7EAD91377528F00892510 /* Products */ = {
			isa = PBXGroup;
			children = (
				D7C7EAE01377529000892510 /* libAQGridView.a */,
			);
			name = Products;
			sourceTree = "<group>";
		};
/* End PBXGroup section */

/* Begin PBXNativeTarget section */
		D74CBF771375D80500709F63 /* MAGI-00 */ = {
			isa = PBXNativeTarget;
			buildConfigurationList = D74CBF9C1375D80600709F63 /* Build configuration list for PBXNativeTarget "MAGI-00" */;
			buildPhases = (
				D74CBF741375D80500709F63 /* Sources */,
				D74CBF751375D80500709F63 /* Frameworks */,
				D74CBF761375D80500709F63 /* Resources */,
			);
			buildRules = (
			);
			dependencies = (
			);
			name = "MAGI-00";
			productName = "MAGI-00";
			productReference = D74CBF781375D80500709F63 /* MAGI-00.app */;
			productType = "com.apple.product-type.application";
		};
/* End PBXNativeTarget section */

/* Begin PBXProject section */
		D74CBF6F1375D80500709F63 /* Project object */ = {
			isa = PBXProject;
			buildConfigurationList = D74CBF721375D80500709F63 /* Build configuration list for PBXProject "MAGI-00" */;
			compatibilityVersion = "Xcode 3.2";
			developmentRegion = English;
			hasScannedForEncodings = 0;
			knownRegions = (
				en,
			);
			mainGroup = D74CBF6D1375D80500709F63;
			productRefGroup = D74CBF791375D80500709F63 /* Products */;
			projectDirPath = "";
			projectReferences = (
				{
					ProductGroup = D7C7EAD91377528F00892510 /* Products */;
					ProjectRef = D7C7EAD81377528F00892510 /* AQGridView.xcodeproj */;
				},
			);
			projectRoot = "";
			targets = (
				D74CBF771375D80500709F63 /* MAGI-00 */,
			);
		};
/* End PBXProject section */

/* Begin PBXReferenceProxy section */
		D7C7EAE01377529000892510 /* libAQGridView.a */ = {
			isa = PBXReferenceProxy;
			fileType = archive.ar;
			path = libAQGridView.a;
			remoteRef = D7C7EADF1377529000892510 /* PBXContainerItemProxy */;
			sourceTree = BUILT_PRODUCTS_DIR;
		};
/* End PBXReferenceProxy section */

/* Begin PBXResourcesBuildPhase section */
		D74CBF761375D80500709F63 /* Resources */ = {
			isa = PBXResourcesBuildPhase;
			buildActionMask = 2147483647;
			files = (
				D74CBF871375D80500709F63 /* InfoPlist.strings in Resources */,
				D74CBF901375D80500709F63 /* MainWindow.xib in Resources */,
				D74CBF961375D80600709F63 /* DetailView.xib in Resources */,
				D7C7EA9813770F9B00892510 /* file_icon.png in Resources */,
				D7C7EAC91377180500892510 /* AQGridSelection.png in Resources */,
				D7C7EACA1377180500892510 /* AQGridSelectionGray.png in Resources */,
				D7C7EACB1377180500892510 /* AQGridSelectionGrayBlue.png in Resources */,
				D7C7EACC1377180500892510 /* AQGridSelectionGreen.png in Resources */,
				D7C7EACD1377180500892510 /* AQGridSelectionRed.png in Resources */,
				D7C7EAD4137718D900892510 /* GeneticSelectionViewController.xib in Resources */,
			);
			runOnlyForDeploymentPostprocessing = 0;
		};
/* End PBXResourcesBuildPhase section */

/* Begin PBXSourcesBuildPhase section */
		D74CBF741375D80500709F63 /* Sources */ = {
			isa = PBXSourcesBuildPhase;
			buildActionMask = 2147483647;
			files = (
				D74CBF8A1375D80500709F63 /* main.m in Sources */,
				D74CBF8D1375D80500709F63 /* MAGI_00AppDelegate.m in Sources */,
				D74CBF931375D80600709F63 /* DetailViewController.m in Sources */,
				D74CBF991375D80600709F63 /* RootViewController.m in Sources */,
				D7C7EAD3137718D900892510 /* GeneticSelectionViewController.m in Sources */,
			);
			runOnlyForDeploymentPostprocessing = 0;
		};
/* End PBXSourcesBuildPhase section */

/* Begin PBXVariantGroup section */
		D74CBF851375D80500709F63 /* InfoPlist.strings */ = {
			isa = PBXVariantGroup;
			children = (
				D74CBF861375D80500709F63 /* en */,
			);
			name = InfoPlist.strings;
			sourceTree = "<group>";
		};
		D74CBF8E1375D80500709F63 /* MainWindow.xib */ = {
			isa = PBXVariantGroup;
			children = (
				D74CBF8F1375D80500709F63 /* en */,
			);
			name = MainWindow.xib;
			sourceTree = "<group>";
		};
		D74CBF941375D80600709F63 /* DetailView.xib */ = {
			isa = PBXVariantGroup;
			children = (
				D74CBF951375D80600709F63 /* en */,
			);
			name = DetailView.xib;
			sourceTree = "<group>";
		};
/* End PBXVariantGroup section */

/* Begin XCBuildConfiguration section */
		D74CBF9A1375D80600709F63 /* Debug */ = {
			isa = XCBuildConfiguration;
			buildSettings = {
				ARCHS = "$(ARCHS_UNIVERSAL_IPHONE_OS)";
				"CODE_SIGN_IDENTITY[sdk=iphoneos*]" = "iPhone Developer";
				GCC_C_LANGUAGE_STANDARD = gnu99;
				GCC_OPTIMIZATION_LEVEL = 0;
				GCC_PREPROCESSOR_DEFINITIONS = DEBUG;
				GCC_SYMBOLS_PRIVATE_EXTERN = NO;
				GCC_VERSION = com.apple.compilers.llvmgcc42;
				GCC_WARN_ABOUT_RETURN_TYPE = YES;
				GCC_WARN_UNUSED_VARIABLE = YES;
				IPHONEOS_DEPLOYMENT_TARGET = 4.3;
				SDKROOT = iphoneos;
				TARGETED_DEVICE_FAMILY = 2;
			};
			name = Debug;
		};
		D74CBF9B1375D80600709F63 /* Release */ = {
			isa = XCBuildConfiguration;
			buildSettings = {
				ARCHS = "$(ARCHS_UNIVERSAL_IPHONE_OS)";
				"CODE_SIGN_IDENTITY[sdk=iphoneos*]" = "iPhone Developer";
				GCC_C_LANGUAGE_STANDARD = gnu99;
				GCC_VERSION = com.apple.compilers.llvmgcc42;
				GCC_WARN_ABOUT_RETURN_TYPE = YES;
				GCC_WARN_UNUSED_VARIABLE = YES;
				IPHONEOS_DEPLOYMENT_TARGET = 4.3;
				OTHER_CFLAGS = "-DNS_BLOCK_ASSERTIONS=1";
				SDKROOT = iphoneos;
				TARGETED_DEVICE_FAMILY = 2;
			};
			name = Release;
		};
		D74CBF9D1375D80600709F63 /* Debug */ = {
			isa = XCBuildConfiguration;
			buildSettings = {
				ALWAYS_SEARCH_USER_PATHS = NO;
				COPY_PHASE_STRIP = NO;
				GCC_DYNAMIC_NO_PIC = NO;
				GCC_PRECOMPILE_PREFIX_HEADER = YES;
				GCC_PREFIX_HEADER = "MAGI-00/MAGI-00-Prefix.pch";
				INFOPLIST_FILE = "MAGI-00/MAGI-00-Info.plist";
				PRODUCT_NAME = "$(TARGET_NAME)";
				WRAPPER_EXTENSION = app;
			};
			name = Debug;
		};
		D74CBF9E1375D80600709F63 /* Release */ = {
			isa = XCBuildConfiguration;
			buildSettings = {
				ALWAYS_SEARCH_USER_PATHS = NO;
				COPY_PHASE_STRIP = YES;
				GCC_PRECOMPILE_PREFIX_HEADER = YES;
				GCC_PREFIX_HEADER = "MAGI-00/MAGI-00-Prefix.pch";
				INFOPLIST_FILE = "MAGI-00/MAGI-00-Info.plist";
				PRODUCT_NAME = "$(TARGET_NAME)";
				VALIDATE_PRODUCT = YES;
				WRAPPER_EXTENSION = app;
			};
			name = Release;
		};
/* End XCBuildConfiguration section */

/* Begin XCConfigurationList section */
		D74CBF721375D80500709F63 /* Build configuration list for PBXProject "MAGI-00" */ = {
			isa = XCConfigurationList;
			buildConfigurations = (
				D74CBF9A1375D80600709F63 /* Debug */,
				D74CBF9B1375D80600709F63 /* Release */,
			);
			defaultConfigurationIsVisible = 0;
			defaultConfigurationName = Release;
		};
		D74CBF9C1375D80600709F63 /* Build configuration list for PBXNativeTarget "MAGI-00" */ = {
			isa = XCConfigurationList;
			buildConfigurations = (
				D74CBF9D1375D80600709F63 /* Debug */,
				D74CBF9E1375D80600709F63 /* Release */,
			);
			defaultConfigurationIsVisible = 0;
			defaultConfigurationName = Release;
		};
/* End XCConfigurationList section */
	};
	rootObject = D74CBF6F1375D80500709F63 /* Project object */;
}
